
Microsoft Visual Studio Solution File, Format Version 12.00
Project("{FAE04EC0-301F-11D3-BF4B-00C04F79EFBC}") = "InputPersonInfo.App", "InputPersonInfo.App\InputPersonInfo.App.csproj", "{596AF8B7-B77F-4D8D-94E6-89BB274AF88E}"
EndProject
Project("{FAE04EC0-301F-11D3-BF4B-00C04F79EFBC}") = "InputPersonInfo.Lib", "InputPersonInfo.Lib\InputPersonInfo.Lib.csproj", "{5339254F-B492-4099-A374-7F24DCB4E97D}"
EndProject
Global
	GlobalSection(SolutionConfigurationPlatforms) = preSolution
		Debug|Any CPU = Debug|Any CPU
		Release|Any CPU = Release|Any CPU
	EndGlobalSection
	GlobalSection(ProjectConfigurationPlatforms) = postSolution
		{596AF8B7-B77F-4D8D-94E6-89BB274AF88E}.Debug|Any CPU.ActiveCfg = Debug|Any CPU
		{596AF8B7-B77F-4D8D-94E6-89BB274AF88E}.Debug|Any CPU.Build.0 = Debug|Any CPU
		{596AF8B7-B77F-4D8D-94E6-89BB274AF88E}.Release|Any CPU.ActiveCfg = Release|Any CPU
		{596AF8B7-B77F-4D8D-94E6-89BB274AF88E}.Release|Any CPU.Build.0 = Release|Any CPU
		{5339254F-B492-4099-A374-7F24DCB4E97D}.Debug|Any CPU.ActiveCfg = Debug|Any CPU
		{5339254F-B492-4099-A374-7F24DCB4E97D}.Debug|Any CPU.Build.0 = Debug|Any CPU
		{5339254F-B492-4099-A374-7F24DCB4E97D}.Release|Any CPU.ActiveCfg = Release|Any CPU
		{5339254F-B492-4099-A374-7F24DCB4E97D}.Release|Any CPU.Build.0 = Release|Any CPU
	EndGlobalSection
EndGlobal
